<?xml version="1.0" encoding="utf-8"?>
<Project ToolsVersion="4.0" xmlns="http://schemas.microsoft.com/developer/msbuild/2003">
  <ItemGroup>
    <Filter Include="Utils">
      <UniqueIdentifier>{d4203a36-7e87-4a7f-ab05-24954ff66296}</UniqueIdentifier>
    </Filter>
    <Filter Include="Core">
      <UniqueIdentifier>{4FC737F1-C7A5-4376-A066-2A32D752A2FF}</UniqueIdentifier>
      <Extensions>cpp;c;cc;cxx;def;odl;idl;hpj;bat;asm;asmx</Extensions>
    </Filter>
    <Filter Include="Objects">
      <UniqueIdentifier>{d44d90b2-887c-43b2-8fda-66659e222f0d}</UniqueIdentifier>
    </Filter>
    <Filter Include="Physics">
      <UniqueIdentifier>{2e0ffe05-e0f8-4018-ba94-78e463d0a17a}</UniqueIdentifier>
    </Filter>
    <Filter Include="Graphic">
      <UniqueIdentifier>{762e48d7-d7e9-4f92-9305-1a74bb9f5b44}</UniqueIdentifier>
    </Filter>
    <Filter Include="Coordinator">
      <UniqueIdentifier>{02b4de61-a4a1-4584-9b8d-e1122901f101}</UniqueIdentifier>
    </Filter>
  </ItemGroup>
  <ItemGroup>
    <ClCompile Include="main.cpp">
      <Filter>Core</Filter>
    </ClCompile>
    <ClCompile Include="Game.cpp">
      <Filter>Core</Filter>
    </ClCompile>
    <ClCompile Include="BasicObject.cpp">
      <Filter>Core</Filter>
    </ClCompile>
    <ClCompile Include="Player.cpp">
      <Filter>Objects</Filter>
    </ClCompile>
    <ClCompile Include="Fps.cpp">
      <Filter>Utils</Filter>
    </ClCompile>
    <ClCompile Include="Timer.cpp">
      <Filter>Utils</Filter>
    </ClCompile>
    <ClCompile Include="Meteroit.cpp">
      <Filter>Objects</Filter>
    </ClCompile>
    <ClCompile Include="LaserBeam.cpp">
      <Filter>Objects</Filter>
    </ClCompile>
    <ClCompile Include="Physic.cpp">
      <Filter>Physics</Filter>
    </ClCompile>
    <ClCompile Include="Graphics.cpp">
      <Filter>Graphic</Filter>
    </ClCompile>
    <ClCompile Include="VeloCity.cpp">
      <Filter>Physics</Filter>
    </ClCompile>
    <ClCompile Include="Animator.cpp">
      <Filter>Graphic</Filter>
    </ClCompile>
    <ClCompile Include="MeteorGenerator.cpp">
      <Filter>Coordinator</Filter>
    </ClCompile>
    <ClCompile Include="WeaponManager.cpp">
      <Filter>Coordinator</Filter>
    </ClCompile>
    <ClCompile Include="TextureManager.cpp">
      <Filter>Coordinator</Filter>
    </ClCompile>
    <ClCompile Include="Sprites.cpp">
      <Filter>Graphic</Filter>
    </ClCompile>
    <ClCompile Include="Explosion.cpp">
      <Filter>Objects</Filter>
    </ClCompile>
  </ItemGroup>
  <ItemGroup>
    <ClInclude Include="Game.h">
      <Filter>Core</Filter>
    </ClInclude>
    <ClInclude Include="main.h">
      <Filter>Core</Filter>
    </ClInclude>
    <ClInclude Include="BasicObject.h">
      <Filter>Core</Filter>
    </ClInclude>
    <ClInclude Include="Global_Const.h">
      <Filter>Core</Filter>
    </ClInclude>
    <ClInclude Include="Player.h">
      <Filter>Objects</Filter>
    </ClInclude>
    <ClInclude Include="Meteroit.h">
      <Filter>Objects</Filter>
    </ClInclude>
    <ClInclude Include="Timer.h">
      <Filter>Utils</Filter>
    </ClInclude>
    <ClInclude Include="Fps.h">
      <Filter>Utils</Filter>
    </ClInclude>
    <ClInclude Include="LaserBeam.h">
      <Filter>Objects</Filter>
    </ClInclude>
    <ClInclude Include="Physic.h">
      <Filter>Physics</Filter>
    </ClInclude>
    <ClInclude Include="Graphics.h">
      <Filter>Graphic</Filter>
    </ClInclude>
    <ClInclude Include="VeloCity.h">
      <Filter>Physics</Filter>
    </ClInclude>
    <ClInclude Include="Animator.h">
      <Filter>Graphic</Filter>
    </ClInclude>
    <ClInclude Include="MeteorGenerator.h">
      <Filter>Coordinator</Filter>
    </ClInclude>
    <ClInclude Include="WeaponManager.h">
      <Filter>Coordinator</Filter>
    </ClInclude>
    <ClInclude Include="TextureManager.h">
      <Filter>Coordinator</Filter>
    </ClInclude>
    <ClInclude Include="Sprites.h">
      <Filter>Graphic</Filter>
    </ClInclude>
    <ClInclude Include="Explosion.h">
      <Filter>Objects</Filter>
    </ClInclude>
  </ItemGroup>
</Project>